
Microsoft Visual Studio Solution File, Format Version 12.00
# Visual Studio Version 17
VisualStudioVersion = 17.4.33122.133
MinimumVisualStudioVersion = 10.0.40219.1
Project("{FAE04EC0-301F-11D3-BF4B-00C04F79EFBC}") = "AuditorUNI", "..\AuditorUNI\AuditorUNI.csproj", "{83AC3CBA-BBFE-49B5-B71F-A27567CC0E01}"
EndProject
Project("{FAE04EC0-301F-11D3-BF4B-00C04F79EFBC}") = "AuditorUNI_MC", "..\AuditorUNI_MC\AuditorUNI_MC.csproj", "{06C569E7-0BD9-4642-971F-0F02AEA203C5}"
EndProject
Global
	GlobalSection(SolutionConfigurationPlatforms) = preSolution
		Debug|Any CPU = Debug|Any CPU
		Release|Any CPU = Release|Any CPU
	EndGlobalSection
	GlobalSection(ProjectConfigurationPlatforms) = postSolution
		{83AC3CBA-BBFE-49B5-B71F-A27567CC0E01}.Debug|Any CPU.ActiveCfg = Debug|Any CPU
		{83AC3CBA-BBFE-49B5-B71F-A27567CC0E01}.Debug|Any CPU.Build.0 = Debug|Any CPU
		{83AC3CBA-BBFE-49B5-B71F-A27567CC0E01}.Release|Any CPU.ActiveCfg = Release|Any CPU
		{83AC3CBA-BBFE-49B5-B71F-A27567CC0E01}.Release|Any CPU.Build.0 = Release|Any CPU
		{06C569E7-0BD9-4642-971F-0F02AEA203C5}.Debug|Any CPU.ActiveCfg = Debug|Any CPU
		{06C569E7-0BD9-4642-971F-0F02AEA203C5}.Debug|Any CPU.Build.0 = Debug|Any CPU
		{06C569E7-0BD9-4642-971F-0F02AEA203C5}.Release|Any CPU.ActiveCfg = Release|Any CPU
		{06C569E7-0BD9-4642-971F-0F02AEA203C5}.Release|Any CPU.Build.0 = Release|Any CPU
	EndGlobalSection
	GlobalSection(SolutionProperties) = preSolution
		HideSolutionNode = FALSE
	EndGlobalSection
	GlobalSection(ExtensibilityGlobals) = postSolution
		SolutionGuid = {C8B4671B-13C7-4B48-A6F4-35BA52327CEC}
	EndGlobalSection
EndGlobal
